
Microsoft Visual Studio Solution File, Format Version 12.00
# Visual Studio Version 16
VisualStudioVersion = 16.0.30803.129
MinimumVisualStudioVersion = 10.0.40219.1
Project("{FAE04EC0-301F-11D3-BF4B-00C04F79EFBC}") = "TbVolScrollNet5", "TbVolScrollNet5.csproj", "{C8B8B438-A558-4120-9FCD-1C2A4D0FBCC5}"
EndProject
Global
	GlobalSection(SolutionConfigurationPlatforms) = preSolution
		Debug|Any CPU = Debug|Any CPU
		Release|Any CPU = Release|Any CPU
	EndGlobalSection
	GlobalSection(ProjectConfigurationPlatforms) = postSolution
		{C8B8B438-A558-4120-9FCD-1C2A4D0FBCC5}.Debug|Any CPU.ActiveCfg = Debug|Any CPU
		{C8B8B438-A558-4120-9FCD-1C2A4D0FBCC5}.Debug|Any CPU.Build.0 = Debug|Any CPU
		{C8B8B438-A558-4120-9FCD-1C2A4D0FBCC5}.Release|Any CPU.ActiveCfg = Release|Any CPU
		{C8B8B438-A558-4120-9FCD-1C2A4D0FBCC5}.Release|Any CPU.Build.0 = Release|Any CPU
	EndGlobalSection
	GlobalSection(SolutionProperties) = preSolution
		HideSolutionNode = FALSE
	EndGlobalSection
	GlobalSection(ExtensibilityGlobals) = postSolution
		SolutionGuid = {06F4A948-8C25-4D00-8917-27EE69039DB6}
	EndGlobalSection
EndGlobal
