
Microsoft Visual Studio Solution File, Format Version 12.00
# Visual Studio 15
VisualStudioVersion = 15.0.27130.2010
MinimumVisualStudioVersion = 10.0.40219.1
Project("{FAE04EC0-301F-11D3-BF4B-00C04F79EFBC}") = "TbVolScroll", "TbVolScroll\TbVolScroll.csproj", "{B82F1CE3-A239-4194-8F47-6E4677564404}"
EndProject
Global
	GlobalSection(SolutionConfigurationPlatforms) = preSolution
		Debug|Any CPU = Debug|Any CPU
		Release|Any CPU = Release|Any CPU
	EndGlobalSection
	GlobalSection(ProjectConfigurationPlatforms) = postSolution
		{B82F1CE3-A239-4194-8F47-6E4677564404}.Debug|Any CPU.ActiveCfg = Debug|Any CPU
		{B82F1CE3-A239-4194-8F47-6E4677564404}.Debug|Any CPU.Build.0 = Debug|Any CPU
		{B82F1CE3-A239-4194-8F47-6E4677564404}.Release|Any CPU.ActiveCfg = Release|Any CPU
		{B82F1CE3-A239-4194-8F47-6E4677564404}.Release|Any CPU.Build.0 = Release|Any CPU
	EndGlobalSection
	GlobalSection(SolutionProperties) = preSolution
		HideSolutionNode = FALSE
	EndGlobalSection
	GlobalSection(ExtensibilityGlobals) = postSolution
		SolutionGuid = {553E6357-588F-4331-A608-16223EEDE128}
	EndGlobalSection
EndGlobal
